
Microsoft Visual Studio Solution File, Format Version 12.00
# Visual Studio Version 17
VisualStudioVersion = 17.10.35004.147
MinimumVisualStudioVersion = 10.0.40219.1
Project("{9A19103F-16F7-4668-BE54-9A1E7A4F7556}") = "DEMOOutOfOfficeApp", "DEMO_Out_of_Office_App\DEMOOutOfOfficeApp.csproj", "{9CF44D7C-D293-4C8F-9772-1F1CCC56267B}"
EndProject
Project("{9A19103F-16F7-4668-BE54-9A1E7A4F7556}") = "DEMOOutOfOfficeApp.Core", "DEMO_Out_of_Office_App.Core\DEMOOutOfOfficeApp.Core.csproj", "{77B8874D-AF57-4D2D-8CE9-58065A3EE72A}"
EndProject
Project("{9A19103F-16F7-4668-BE54-9A1E7A4F7556}") = "DEMOOutOfOfficeApp.Common", "DEMO_Out_of_Office_App.Common\DEMOOutOfOfficeApp.Common.csproj", "{CC93F39A-3CEA-4C91-A3E8-758A0AF97E21}"
EndProject
Project("{FAE04EC0-301F-11D3-BF4B-00C04F79EFBC}") = "TestSamples", "TestSamples\TestSamples.csproj", "{B16C21AA-D8FB-4FA6-8496-1F03D1233A24}"
EndProject
Global
	GlobalSection(SolutionConfigurationPlatforms) = preSolution
		Debug|Any CPU = Debug|Any CPU
		Release|Any CPU = Release|Any CPU
	EndGlobalSection
	GlobalSection(ProjectConfigurationPlatforms) = postSolution
		{9CF44D7C-D293-4C8F-9772-1F1CCC56267B}.Debug|Any CPU.ActiveCfg = Debug|Any CPU
		{9CF44D7C-D293-4C8F-9772-1F1CCC56267B}.Debug|Any CPU.Build.0 = Debug|Any CPU
		{9CF44D7C-D293-4C8F-9772-1F1CCC56267B}.Release|Any CPU.ActiveCfg = Release|Any CPU
		{9CF44D7C-D293-4C8F-9772-1F1CCC56267B}.Release|Any CPU.Build.0 = Release|Any CPU
		{77B8874D-AF57-4D2D-8CE9-58065A3EE72A}.Debug|Any CPU.ActiveCfg = Debug|Any CPU
		{77B8874D-AF57-4D2D-8CE9-58065A3EE72A}.Debug|Any CPU.Build.0 = Debug|Any CPU
		{77B8874D-AF57-4D2D-8CE9-58065A3EE72A}.Release|Any CPU.ActiveCfg = Release|Any CPU
		{77B8874D-AF57-4D2D-8CE9-58065A3EE72A}.Release|Any CPU.Build.0 = Release|Any CPU
		{CC93F39A-3CEA-4C91-A3E8-758A0AF97E21}.Debug|Any CPU.ActiveCfg = Debug|Any CPU
		{CC93F39A-3CEA-4C91-A3E8-758A0AF97E21}.Debug|Any CPU.Build.0 = Debug|Any CPU
		{CC93F39A-3CEA-4C91-A3E8-758A0AF97E21}.Release|Any CPU.ActiveCfg = Release|Any CPU
		{CC93F39A-3CEA-4C91-A3E8-758A0AF97E21}.Release|Any CPU.Build.0 = Release|Any CPU
		{B16C21AA-D8FB-4FA6-8496-1F03D1233A24}.Debug|Any CPU.ActiveCfg = Debug|Any CPU
		{B16C21AA-D8FB-4FA6-8496-1F03D1233A24}.Debug|Any CPU.Build.0 = Debug|Any CPU
		{B16C21AA-D8FB-4FA6-8496-1F03D1233A24}.Release|Any CPU.ActiveCfg = Release|Any CPU
		{B16C21AA-D8FB-4FA6-8496-1F03D1233A24}.Release|Any CPU.Build.0 = Release|Any CPU
	EndGlobalSection
	GlobalSection(SolutionProperties) = preSolution
		HideSolutionNode = FALSE
	EndGlobalSection
	GlobalSection(ExtensibilityGlobals) = postSolution
		SolutionGuid = {BB5AA766-99D4-4ECF-BF9B-FAF6C32D80DF}
	EndGlobalSection
EndGlobal
